
Microsoft Visual Studio Solution File, Format Version 12.00
# Visual Studio Version 16
VisualStudioVersion = 16.0.29721.120
MinimumVisualStudioVersion = 10.0.40219.1
Project("{FAE04EC0-301F-11D3-BF4B-00C04F79EFBC}") = "SERIAL_2_JPEG", "SERIAL_2_JPEG.csproj", "{9FD246FC-732B-45FE-8EDC-7A626E11AEE3}"
EndProject
Global
	GlobalSection(SolutionConfigurationPlatforms) = preSolution
		Debug|Any CPU = Debug|Any CPU
		Release|Any CPU = Release|Any CPU
	EndGlobalSection
	GlobalSection(ProjectConfigurationPlatforms) = postSolution
		{9FD246FC-732B-45FE-8EDC-7A626E11AEE3}.Debug|Any CPU.ActiveCfg = Debug|Any CPU
		{9FD246FC-732B-45FE-8EDC-7A626E11AEE3}.Debug|Any CPU.Build.0 = Debug|Any CPU
		{9FD246FC-732B-45FE-8EDC-7A626E11AEE3}.Release|Any CPU.ActiveCfg = Release|Any CPU
		{9FD246FC-732B-45FE-8EDC-7A626E11AEE3}.Release|Any CPU.Build.0 = Release|Any CPU
	EndGlobalSection
	GlobalSection(SolutionProperties) = preSolution
		HideSolutionNode = FALSE
	EndGlobalSection
	GlobalSection(ExtensibilityGlobals) = postSolution
		SolutionGuid = {912BD783-EABB-4464-9021-C2D75B8FF75B}
	EndGlobalSection
EndGlobal
